
Microsoft Visual Studio Solution File, Format Version 12.00
# Visual Studio Version 17
VisualStudioVersion = 17.0.31903.59
MinimumVisualStudioVersion = 10.0.40219.1
Project("{FAE04EC0-301F-11D3-BF4B-00C04F79EFBC}") = "Vortex.Contracts", "Vortex.Contracts\Vortex.Contracts.csproj", "{BB633573-D53A-46DE-ABA7-EA4ED9729634}"
EndProject
Project("{FAE04EC0-301F-11D3-BF4B-00C04F79EFBC}") = "Vortex.Server.Public", "Vortex.Server\Vortex.Server.Public.csproj", "{56898A86-7FD9-41D3-83F1-017E7DAC0589}"
EndProject
Project("{FAE04EC0-301F-11D3-BF4B-00C04F79EFBC}") = "Vortex.Public.Tests", "Vortex.Tests\Vortex.Public.Tests.csproj", "{13450425-D843-48D5-815C-18FA4121D379}"
EndProject
Project("{FAE04EC0-301F-11D3-BF4B-00C04F79EFBC}") = "Vortex.HermesWorker", "Vortex.HermesWorker\Vortex.HermesWorker.csproj", "{8F4C6630-D9FA-49B9-B98D-2199A6D150BA}"
EndProject
Project("{FAE04EC0-301F-11D3-BF4B-00C04F79EFBC}") = "Vortex.LocalHermesWorker", "Vortex.LocalHermesWorker\Vortex.LocalHermesWorker.csproj", "{23DBF2FD-D3AA-4266-B106-D6D9CCEE6D17}"
EndProject
Global
	GlobalSection(SolutionConfigurationPlatforms) = preSolution
		Debug|Any CPU = Debug|Any CPU
		Debug|x64 = Debug|x64
		Debug|x86 = Debug|x86
		Release|Any CPU = Release|Any CPU
		Release|x64 = Release|x64
		Release|x86 = Release|x86
	EndGlobalSection
	GlobalSection(ProjectConfigurationPlatforms) = postSolution
		{BB633573-D53A-46DE-ABA7-EA4ED9729634}.Debug|Any CPU.ActiveCfg = Debug|Any CPU
		{BB633573-D53A-46DE-ABA7-EA4ED9729634}.Debug|Any CPU.Build.0 = Debug|Any CPU
		{BB633573-D53A-46DE-ABA7-EA4ED9729634}.Debug|x64.ActiveCfg = Debug|Any CPU
		{BB633573-D53A-46DE-ABA7-EA4ED9729634}.Debug|x64.Build.0 = Debug|Any CPU
		{BB633573-D53A-46DE-ABA7-EA4ED9729634}.Debug|x86.ActiveCfg = Debug|Any CPU
		{BB633573-D53A-46DE-ABA7-EA4ED9729634}.Debug|x86.Build.0 = Debug|Any CPU
		{BB633573-D53A-46DE-ABA7-EA4ED9729634}.Release|Any CPU.ActiveCfg = Release|Any CPU
		{BB633573-D53A-46DE-ABA7-EA4ED9729634}.Release|Any CPU.Build.0 = Release|Any CPU
		{BB633573-D53A-46DE-ABA7-EA4ED9729634}.Release|x64.ActiveCfg = Release|Any CPU
		{BB633573-D53A-46DE-ABA7-EA4ED9729634}.Release|x64.Build.0 = Release|Any CPU
		{BB633573-D53A-46DE-ABA7-EA4ED9729634}.Release|x86.ActiveCfg = Release|Any CPU
		{BB633573-D53A-46DE-ABA7-EA4ED9729634}.Release|x86.Build.0 = Release|Any CPU
		{56898A86-7FD9-41D3-83F1-017E7DAC0589}.Debug|Any CPU.ActiveCfg = Debug|Any CPU
		{56898A86-7FD9-41D3-83F1-017E7DAC0589}.Debug|Any CPU.Build.0 = Debug|Any CPU
		{56898A86-7FD9-41D3-83F1-017E7DAC0589}.Debug|x64.ActiveCfg = Debug|Any CPU
		{56898A86-7FD9-41D3-83F1-017E7DAC0589}.Debug|x64.Build.0 = Debug|Any CPU
		{56898A86-7FD9-41D3-83F1-017E7DAC0589}.Debug|x86.ActiveCfg = Debug|Any CPU
		{56898A86-7FD9-41D3-83F1-017E7DAC0589}.Debug|x86.Build.0 = Debug|Any CPU
		{56898A86-7FD9-41D3-83F1-017E7DAC0589}.Release|Any CPU.ActiveCfg = Release|Any CPU
		{56898A86-7FD9-41D3-83F1-017E7DAC0589}.Release|Any CPU.Build.0 = Release|Any CPU
		{56898A86-7FD9-41D3-83F1-017E7DAC0589}.Release|x64.ActiveCfg = Release|Any CPU
		{56898A86-7FD9-41D3-83F1-017E7DAC0589}.Release|x64.Build.0 = Release|Any CPU
		{56898A86-7FD9-41D3-83F1-017E7DAC0589}.Release|x86.ActiveCfg = Release|Any CPU
		{56898A86-7FD9-41D3-83F1-017E7DAC0589}.Release|x86.Build.0 = Release|Any CPU
		{13450425-D843-48D5-815C-18FA4121D379}.Debug|Any CPU.ActiveCfg = Debug|Any CPU
		{13450425-D843-48D5-815C-18FA4121D379}.Debug|Any CPU.Build.0 = Debug|Any CPU
		{13450425-D843-48D5-815C-18FA4121D379}.Debug|x64.ActiveCfg = Debug|Any CPU
		{13450425-D843-48D5-815C-18FA4121D379}.Debug|x64.Build.0 = Debug|Any CPU
		{13450425-D843-48D5-815C-18FA4121D379}.Debug|x86.ActiveCfg = Debug|Any CPU
		{13450425-D843-48D5-815C-18FA4121D379}.Debug|x86.Build.0 = Debug|Any CPU
		{13450425-D843-48D5-815C-18FA4121D379}.Release|Any CPU.ActiveCfg = Release|Any CPU
		{13450425-D843-48D5-815C-18FA4121D379}.Release|Any CPU.Build.0 = Release|Any CPU
		{13450425-D843-48D5-815C-18FA4121D379}.Release|x64.ActiveCfg = Release|Any CPU
		{13450425-D843-48D5-815C-18FA4121D379}.Release|x64.Build.0 = Release|Any CPU
		{13450425-D843-48D5-815C-18FA4121D379}.Release|x86.ActiveCfg = Release|Any CPU
		{13450425-D843-48D5-815C-18FA4121D379}.Release|x86.Build.0 = Release|Any CPU
		{8F4C6630-D9FA-49B9-B98D-2199A6D150BA}.Debug|Any CPU.ActiveCfg = Debug|Any CPU
		{8F4C6630-D9FA-49B9-B98D-2199A6D150BA}.Debug|Any CPU.Build.0 = Debug|Any CPU
		{8F4C6630-D9FA-49B9-B98D-2199A6D150BA}.Debug|x64.ActiveCfg = Debug|Any CPU
		{8F4C6630-D9FA-49B9-B98D-2199A6D150BA}.Debug|x64.Build.0 = Debug|Any CPU
		{8F4C6630-D9FA-49B9-B98D-2199A6D150BA}.Debug|x86.ActiveCfg = Debug|Any CPU
		{8F4C6630-D9FA-49B9-B98D-2199A6D150BA}.Debug|x86.Build.0 = Debug|Any CPU
		{8F4C6630-D9FA-49B9-B98D-2199A6D150BA}.Release|Any CPU.ActiveCfg = Release|Any CPU
		{8F4C6630-D9FA-49B9-B98D-2199A6D150BA}.Release|Any CPU.Build.0 = Release|Any CPU
		{8F4C6630-D9FA-49B9-B98D-2199A6D150BA}.Release|x64.ActiveCfg = Release|Any CPU
		{8F4C6630-D9FA-49B9-B98D-2199A6D150BA}.Release|x64.Build.0 = Release|Any CPU
		{8F4C6630-D9FA-49B9-B98D-2199A6D150BA}.Release|x86.ActiveCfg = Release|Any CPU
		{8F4C6630-D9FA-49B9-B98D-2199A6D150BA}.Release|x86.Build.0 = Release|Any CPU
		{23DBF2FD-D3AA-4266-B106-D6D9CCEE6D17}.Debug|Any CPU.ActiveCfg = Debug|Any CPU
		{23DBF2FD-D3AA-4266-B106-D6D9CCEE6D17}.Debug|Any CPU.Build.0 = Debug|Any CPU
		{23DBF2FD-D3AA-4266-B106-D6D9CCEE6D17}.Debug|x64.ActiveCfg = Debug|Any CPU
		{23DBF2FD-D3AA-4266-B106-D6D9CCEE6D17}.Debug|x64.Build.0 = Debug|Any CPU
		{23DBF2FD-D3AA-4266-B106-D6D9CCEE6D17}.Debug|x86.ActiveCfg = Debug|Any CPU
		{23DBF2FD-D3AA-4266-B106-D6D9CCEE6D17}.Debug|x86.Build.0 = Debug|Any CPU
		{23DBF2FD-D3AA-4266-B106-D6D9CCEE6D17}.Release|Any CPU.ActiveCfg = Release|Any CPU
		{23DBF2FD-D3AA-4266-B106-D6D9CCEE6D17}.Release|Any CPU.Build.0 = Release|Any CPU
		{23DBF2FD-D3AA-4266-B106-D6D9CCEE6D17}.Release|x64.ActiveCfg = Release|Any CPU
		{23DBF2FD-D3AA-4266-B106-D6D9CCEE6D17}.Release|x64.Build.0 = Release|Any CPU
		{23DBF2FD-D3AA-4266-B106-D6D9CCEE6D17}.Release|x86.ActiveCfg = Release|Any CPU
		{23DBF2FD-D3AA-4266-B106-D6D9CCEE6D17}.Release|x86.Build.0 = Release|Any CPU
	EndGlobalSection
	GlobalSection(SolutionProperties) = preSolution
		HideSolutionNode = FALSE
	EndGlobalSection
EndGlobal
